
Microsoft Visual Studio Solution File, Format Version 12.00
# Visual Studio Version 17
VisualStudioVersion = 17.14.36603.0 d17.14
MinimumVisualStudioVersion = 10.0.40219.1
Project("{FAE04EC0-301F-11D3-BF4B-00C04F79EFBC}") = "DinerMenu_Fixed", "DinerMenu_Fixed\DinerMenu_Fixed.csproj", "{F38782C9-7326-4EFA-92B4-DAA7382B61FF}"
EndProject
Global
	GlobalSection(SolutionConfigurationPlatforms) = preSolution
		Debug|Any CPU = Debug|Any CPU
		Release|Any CPU = Release|Any CPU
	EndGlobalSection
	GlobalSection(ProjectConfigurationPlatforms) = postSolution
		{F38782C9-7326-4EFA-92B4-DAA7382B61FF}.Debug|Any CPU.ActiveCfg = Debug|Any CPU
		{F38782C9-7326-4EFA-92B4-DAA7382B61FF}.Debug|Any CPU.Build.0 = Debug|Any CPU
		{F38782C9-7326-4EFA-92B4-DAA7382B61FF}.Release|Any CPU.ActiveCfg = Release|Any CPU
		{F38782C9-7326-4EFA-92B4-DAA7382B61FF}.Release|Any CPU.Build.0 = Release|Any CPU
	EndGlobalSection
	GlobalSection(SolutionProperties) = preSolution
		HideSolutionNode = FALSE
	EndGlobalSection
	GlobalSection(ExtensibilityGlobals) = postSolution
		SolutionGuid = {91C3079D-7BEE-42C9-87D5-BB076241136A}
	EndGlobalSection
EndGlobal
