
Microsoft Visual Studio Solution File, Format Version 12.00
# Visual Studio Version 17
VisualStudioVersion = 17.14.36429.23 d17.14
MinimumVisualStudioVersion = 10.0.40219.1
Project("{FAE04EC0-301F-11D3-BF4B-00C04F79EFBC}") = "SayMyNameAgain", "SayMyNameAgain\SayMyNameAgain.csproj", "{14C61D00-BE01-40FB-851F-2004A268A9F0}"
EndProject
Global
	GlobalSection(SolutionConfigurationPlatforms) = preSolution
		Debug|Any CPU = Debug|Any CPU
		Release|Any CPU = Release|Any CPU
	EndGlobalSection
	GlobalSection(ProjectConfigurationPlatforms) = postSolution
		{14C61D00-BE01-40FB-851F-2004A268A9F0}.Debug|Any CPU.ActiveCfg = Debug|Any CPU
		{14C61D00-BE01-40FB-851F-2004A268A9F0}.Debug|Any CPU.Build.0 = Debug|Any CPU
		{14C61D00-BE01-40FB-851F-2004A268A9F0}.Release|Any CPU.ActiveCfg = Release|Any CPU
		{14C61D00-BE01-40FB-851F-2004A268A9F0}.Release|Any CPU.Build.0 = Release|Any CPU
	EndGlobalSection
	GlobalSection(SolutionProperties) = preSolution
		HideSolutionNode = FALSE
	EndGlobalSection
	GlobalSection(ExtensibilityGlobals) = postSolution
		SolutionGuid = {8F1BF481-A5BB-4C25-BB42-60AB2E464093}
	EndGlobalSection
EndGlobal
