
Microsoft Visual Studio Solution File, Format Version 12.00
# Visual Studio Version 17
VisualStudioVersion = 17.14.36603.0 d17.14
MinimumVisualStudioVersion = 10.0.40219.1
Project("{FAE04EC0-301F-11D3-BF4B-00C04F79EFBC}") = "RollOfTheDiceListBox", "RollOfTheDiceListBox\RollOfTheDiceListBox.csproj", "{F056D721-E851-4378-BE5D-7CF63427483D}"
EndProject
Global
	GlobalSection(SolutionConfigurationPlatforms) = preSolution
		Debug|Any CPU = Debug|Any CPU
		Release|Any CPU = Release|Any CPU
	EndGlobalSection
	GlobalSection(ProjectConfigurationPlatforms) = postSolution
		{F056D721-E851-4378-BE5D-7CF63427483D}.Debug|Any CPU.ActiveCfg = Debug|Any CPU
		{F056D721-E851-4378-BE5D-7CF63427483D}.Debug|Any CPU.Build.0 = Debug|Any CPU
		{F056D721-E851-4378-BE5D-7CF63427483D}.Release|Any CPU.ActiveCfg = Release|Any CPU
		{F056D721-E851-4378-BE5D-7CF63427483D}.Release|Any CPU.Build.0 = Release|Any CPU
	EndGlobalSection
	GlobalSection(SolutionProperties) = preSolution
		HideSolutionNode = FALSE
	EndGlobalSection
	GlobalSection(ExtensibilityGlobals) = postSolution
		SolutionGuid = {ED20F7BC-DC12-4C64-9212-38DC668E1E51}
	EndGlobalSection
EndGlobal
