
Microsoft Visual Studio Solution File, Format Version 12.00
# Visual Studio Version 17
VisualStudioVersion = 17.14.36603.0 d17.14
MinimumVisualStudioVersion = 10.0.40219.1
Project("{FAE04EC0-301F-11D3-BF4B-00C04F79EFBC}") = "RollOfTheDiceListBox", "RollOfTheDiceListBox\RollOfTheDiceListBox.csproj", "{DAC91699-8997-468D-948D-9CAD77502C7B}"
EndProject
Global
	GlobalSection(SolutionConfigurationPlatforms) = preSolution
		Debug|Any CPU = Debug|Any CPU
		Release|Any CPU = Release|Any CPU
	EndGlobalSection
	GlobalSection(ProjectConfigurationPlatforms) = postSolution
		{DAC91699-8997-468D-948D-9CAD77502C7B}.Debug|Any CPU.ActiveCfg = Debug|Any CPU
		{DAC91699-8997-468D-948D-9CAD77502C7B}.Debug|Any CPU.Build.0 = Debug|Any CPU
		{DAC91699-8997-468D-948D-9CAD77502C7B}.Release|Any CPU.ActiveCfg = Release|Any CPU
		{DAC91699-8997-468D-948D-9CAD77502C7B}.Release|Any CPU.Build.0 = Release|Any CPU
	EndGlobalSection
	GlobalSection(SolutionProperties) = preSolution
		HideSolutionNode = FALSE
	EndGlobalSection
	GlobalSection(ExtensibilityGlobals) = postSolution
		SolutionGuid = {DB3633F4-954E-43D7-B346-956B37BE80F5}
	EndGlobalSection
EndGlobal
