
Microsoft Visual Studio Solution File, Format Version 12.00
# Visual Studio Version 17
VisualStudioVersion = 17.14.36603.0 d17.14
MinimumVisualStudioVersion = 10.0.40219.1
Project("{FAE04EC0-301F-11D3-BF4B-00C04F79EFBC}") = "RollOfTheDice_ListBox", "RollOfTheDice_ListBox\RollOfTheDice_ListBox.csproj", "{D16AEDCF-FF2D-4A5B-ABF6-DDA0581722B1}"
EndProject
Global
	GlobalSection(SolutionConfigurationPlatforms) = preSolution
		Debug|Any CPU = Debug|Any CPU
		Release|Any CPU = Release|Any CPU
	EndGlobalSection
	GlobalSection(ProjectConfigurationPlatforms) = postSolution
		{D16AEDCF-FF2D-4A5B-ABF6-DDA0581722B1}.Debug|Any CPU.ActiveCfg = Debug|Any CPU
		{D16AEDCF-FF2D-4A5B-ABF6-DDA0581722B1}.Debug|Any CPU.Build.0 = Debug|Any CPU
		{D16AEDCF-FF2D-4A5B-ABF6-DDA0581722B1}.Release|Any CPU.ActiveCfg = Release|Any CPU
		{D16AEDCF-FF2D-4A5B-ABF6-DDA0581722B1}.Release|Any CPU.Build.0 = Release|Any CPU
	EndGlobalSection
	GlobalSection(SolutionProperties) = preSolution
		HideSolutionNode = FALSE
	EndGlobalSection
	GlobalSection(ExtensibilityGlobals) = postSolution
		SolutionGuid = {869BDAFC-77E3-41D2-9CBA-2762E4CCCB5D}
	EndGlobalSection
EndGlobal
